
Microsoft Visual Studio Solution File, Format Version 12.00
# Visual Studio 15
VisualStudioVersion = 15.0.26228.9
MinimumVisualStudioVersion = 10.0.40219.1
Project("{8BC9CEB8-8B4A-11D0-8D11-00A0C91BC942}") = "排序", "排序\排序.vcxproj", "{78445E5E-1647-4330-9DA0-1ECA3B4BA6DC}"
EndProject
Global
	GlobalSection(SolutionConfigurationPlatforms) = preSolution
		Debug|x64 = Debug|x64
		Debug|x86 = Debug|x86
		Release|x64 = Release|x64
		Release|x86 = Release|x86
	EndGlobalSection
	GlobalSection(ProjectConfigurationPlatforms) = postSolution
		{78445E5E-1647-4330-9DA0-1ECA3B4BA6DC}.Debug|x64.ActiveCfg = Debug|x64
		{78445E5E-1647-4330-9DA0-1ECA3B4BA6DC}.Debug|x64.Build.0 = Debug|x64
		{78445E5E-1647-4330-9DA0-1ECA3B4BA6DC}.Debug|x86.ActiveCfg = Debug|Win32
		{78445E5E-1647-4330-9DA0-1ECA3B4BA6DC}.Debug|x86.Build.0 = Debug|Win32
		{78445E5E-1647-4330-9DA0-1ECA3B4BA6DC}.Release|x64.ActiveCfg = Release|x64
		{78445E5E-1647-4330-9DA0-1ECA3B4BA6DC}.Release|x64.Build.0 = Release|x64
		{78445E5E-1647-4330-9DA0-1ECA3B4BA6DC}.Release|x86.ActiveCfg = Release|Win32
		{78445E5E-1647-4330-9DA0-1ECA3B4BA6DC}.Release|x86.Build.0 = Release|Win32
	EndGlobalSection
	GlobalSection(SolutionProperties) = preSolution
		HideSolutionNode = FALSE
	EndGlobalSection
EndGlobal
