
Microsoft Visual Studio Solution File, Format Version 12.00
# Visual Studio 15
VisualStudioVersion = 15.0.26228.9
MinimumVisualStudioVersion = 10.0.40219.1
Project("{8BC9CEB8-8B4A-11D0-8D11-00A0C91BC942}") = "C提高", "C提高\C提高.vcxproj", "{37774010-5A26-4FE2-84EB-D2C3B665DC1F}"
EndProject
Project("{8BC9CEB8-8B4A-11D0-8D11-00A0C91BC942}") = "day01", "day01\day01.vcxproj", "{BC0B5260-8C2F-4C5D-B3A1-E28F64E3D0C4}"
EndProject
Project("{8BC9CEB8-8B4A-11D0-8D11-00A0C91BC942}") = "day02", "day02\day02.vcxproj", "{A4C30FEC-0CA7-4DC2-BC2C-1AC93B4625E6}"
EndProject
Project("{8BC9CEB8-8B4A-11D0-8D11-00A0C91BC942}") = "day03", "day03\day03.vcxproj", "{AAC19B6C-502A-4D84-9090-5FB0DE037A16}"
EndProject
Project("{8BC9CEB8-8B4A-11D0-8D11-00A0C91BC942}") = "day04", "day04\day04.vcxproj", "{7176A8DF-AC13-4F51-8982-18D60CDF5F32}"
EndProject
Project("{8BC9CEB8-8B4A-11D0-8D11-00A0C91BC942}") = "day05", "day05\day05.vcxproj", "{BA0898B4-E954-4699-A7FB-73868D2532B2}"
EndProject
Project("{8BC9CEB8-8B4A-11D0-8D11-00A0C91BC942}") = "day06", "day06\day06.vcxproj", "{EB0863EE-284C-4023-91A4-9C2AA9109B05}"
EndProject
Project("{8BC9CEB8-8B4A-11D0-8D11-00A0C91BC942}") = "day07", "day07\day07.vcxproj", "{D4D5AF9D-6243-4CBF-A6E6-BC407650F46D}"
EndProject
Global
	GlobalSection(SolutionConfigurationPlatforms) = preSolution
		Debug|x64 = Debug|x64
		Debug|x86 = Debug|x86
		Release|x64 = Release|x64
		Release|x86 = Release|x86
	EndGlobalSection
	GlobalSection(ProjectConfigurationPlatforms) = postSolution
		{37774010-5A26-4FE2-84EB-D2C3B665DC1F}.Debug|x64.ActiveCfg = Debug|x64
		{37774010-5A26-4FE2-84EB-D2C3B665DC1F}.Debug|x64.Build.0 = Debug|x64
		{37774010-5A26-4FE2-84EB-D2C3B665DC1F}.Debug|x86.ActiveCfg = Debug|Win32
		{37774010-5A26-4FE2-84EB-D2C3B665DC1F}.Debug|x86.Build.0 = Debug|Win32
		{37774010-5A26-4FE2-84EB-D2C3B665DC1F}.Release|x64.ActiveCfg = Release|x64
		{37774010-5A26-4FE2-84EB-D2C3B665DC1F}.Release|x64.Build.0 = Release|x64
		{37774010-5A26-4FE2-84EB-D2C3B665DC1F}.Release|x86.ActiveCfg = Release|Win32
		{37774010-5A26-4FE2-84EB-D2C3B665DC1F}.Release|x86.Build.0 = Release|Win32
		{BC0B5260-8C2F-4C5D-B3A1-E28F64E3D0C4}.Debug|x64.ActiveCfg = Debug|x64
		{BC0B5260-8C2F-4C5D-B3A1-E28F64E3D0C4}.Debug|x64.Build.0 = Debug|x64
		{BC0B5260-8C2F-4C5D-B3A1-E28F64E3D0C4}.Debug|x86.ActiveCfg = Debug|Win32
		{BC0B5260-8C2F-4C5D-B3A1-E28F64E3D0C4}.Debug|x86.Build.0 = Debug|Win32
		{BC0B5260-8C2F-4C5D-B3A1-E28F64E3D0C4}.Release|x64.ActiveCfg = Release|x64
		{BC0B5260-8C2F-4C5D-B3A1-E28F64E3D0C4}.Release|x64.Build.0 = Release|x64
		{BC0B5260-8C2F-4C5D-B3A1-E28F64E3D0C4}.Release|x86.ActiveCfg = Release|Win32
		{BC0B5260-8C2F-4C5D-B3A1-E28F64E3D0C4}.Release|x86.Build.0 = Release|Win32
		{A4C30FEC-0CA7-4DC2-BC2C-1AC93B4625E6}.Debug|x64.ActiveCfg = Debug|x64
		{A4C30FEC-0CA7-4DC2-BC2C-1AC93B4625E6}.Debug|x64.Build.0 = Debug|x64
		{A4C30FEC-0CA7-4DC2-BC2C-1AC93B4625E6}.Debug|x86.ActiveCfg = Debug|Win32
		{A4C30FEC-0CA7-4DC2-BC2C-1AC93B4625E6}.Debug|x86.Build.0 = Debug|Win32
		{A4C30FEC-0CA7-4DC2-BC2C-1AC93B4625E6}.Release|x64.ActiveCfg = Release|x64
		{A4C30FEC-0CA7-4DC2-BC2C-1AC93B4625E6}.Release|x64.Build.0 = Release|x64
		{A4C30FEC-0CA7-4DC2-BC2C-1AC93B4625E6}.Release|x86.ActiveCfg = Release|Win32
		{A4C30FEC-0CA7-4DC2-BC2C-1AC93B4625E6}.Release|x86.Build.0 = Release|Win32
		{AAC19B6C-502A-4D84-9090-5FB0DE037A16}.Debug|x64.ActiveCfg = Debug|x64
		{AAC19B6C-502A-4D84-9090-5FB0DE037A16}.Debug|x64.Build.0 = Debug|x64
		{AAC19B6C-502A-4D84-9090-5FB0DE037A16}.Debug|x86.ActiveCfg = Debug|Win32
		{AAC19B6C-502A-4D84-9090-5FB0DE037A16}.Debug|x86.Build.0 = Debug|Win32
		{AAC19B6C-502A-4D84-9090-5FB0DE037A16}.Release|x64.ActiveCfg = Release|x64
		{AAC19B6C-502A-4D84-9090-5FB0DE037A16}.Release|x64.Build.0 = Release|x64
		{AAC19B6C-502A-4D84-9090-5FB0DE037A16}.Release|x86.ActiveCfg = Release|Win32
		{AAC19B6C-502A-4D84-9090-5FB0DE037A16}.Release|x86.Build.0 = Release|Win32
		{7176A8DF-AC13-4F51-8982-18D60CDF5F32}.Debug|x64.ActiveCfg = Debug|x64
		{7176A8DF-AC13-4F51-8982-18D60CDF5F32}.Debug|x64.Build.0 = Debug|x64
		{7176A8DF-AC13-4F51-8982-18D60CDF5F32}.Debug|x86.ActiveCfg = Debug|Win32
		{7176A8DF-AC13-4F51-8982-18D60CDF5F32}.Debug|x86.Build.0 = Debug|Win32
		{7176A8DF-AC13-4F51-8982-18D60CDF5F32}.Release|x64.ActiveCfg = Release|x64
		{7176A8DF-AC13-4F51-8982-18D60CDF5F32}.Release|x64.Build.0 = Release|x64
		{7176A8DF-AC13-4F51-8982-18D60CDF5F32}.Release|x86.ActiveCfg = Release|Win32
		{7176A8DF-AC13-4F51-8982-18D60CDF5F32}.Release|x86.Build.0 = Release|Win32
		{BA0898B4-E954-4699-A7FB-73868D2532B2}.Debug|x64.ActiveCfg = Debug|x64
		{BA0898B4-E954-4699-A7FB-73868D2532B2}.Debug|x64.Build.0 = Debug|x64
		{BA0898B4-E954-4699-A7FB-73868D2532B2}.Debug|x86.ActiveCfg = Debug|Win32
		{BA0898B4-E954-4699-A7FB-73868D2532B2}.Debug|x86.Build.0 = Debug|Win32
		{BA0898B4-E954-4699-A7FB-73868D2532B2}.Release|x64.ActiveCfg = Release|x64
		{BA0898B4-E954-4699-A7FB-73868D2532B2}.Release|x64.Build.0 = Release|x64
		{BA0898B4-E954-4699-A7FB-73868D2532B2}.Release|x86.ActiveCfg = Release|Win32
		{BA0898B4-E954-4699-A7FB-73868D2532B2}.Release|x86.Build.0 = Release|Win32
		{EB0863EE-284C-4023-91A4-9C2AA9109B05}.Debug|x64.ActiveCfg = Debug|x64
		{EB0863EE-284C-4023-91A4-9C2AA9109B05}.Debug|x64.Build.0 = Debug|x64
		{EB0863EE-284C-4023-91A4-9C2AA9109B05}.Debug|x86.ActiveCfg = Debug|Win32
		{EB0863EE-284C-4023-91A4-9C2AA9109B05}.Debug|x86.Build.0 = Debug|Win32
		{EB0863EE-284C-4023-91A4-9C2AA9109B05}.Release|x64.ActiveCfg = Release|x64
		{EB0863EE-284C-4023-91A4-9C2AA9109B05}.Release|x64.Build.0 = Release|x64
		{EB0863EE-284C-4023-91A4-9C2AA9109B05}.Release|x86.ActiveCfg = Release|Win32
		{EB0863EE-284C-4023-91A4-9C2AA9109B05}.Release|x86.Build.0 = Release|Win32
		{D4D5AF9D-6243-4CBF-A6E6-BC407650F46D}.Debug|x64.ActiveCfg = Debug|x64
		{D4D5AF9D-6243-4CBF-A6E6-BC407650F46D}.Debug|x64.Build.0 = Debug|x64
		{D4D5AF9D-6243-4CBF-A6E6-BC407650F46D}.Debug|x86.ActiveCfg = Debug|Win32
		{D4D5AF9D-6243-4CBF-A6E6-BC407650F46D}.Debug|x86.Build.0 = Debug|Win32
		{D4D5AF9D-6243-4CBF-A6E6-BC407650F46D}.Release|x64.ActiveCfg = Release|x64
		{D4D5AF9D-6243-4CBF-A6E6-BC407650F46D}.Release|x64.Build.0 = Release|x64
		{D4D5AF9D-6243-4CBF-A6E6-BC407650F46D}.Release|x86.ActiveCfg = Release|Win32
		{D4D5AF9D-6243-4CBF-A6E6-BC407650F46D}.Release|x86.Build.0 = Release|Win32
	EndGlobalSection
	GlobalSection(SolutionProperties) = preSolution
		HideSolutionNode = FALSE
	EndGlobalSection
EndGlobal
